// !$*UTF8*$!
{
	archiveVersion = 1;
	classes = {
	};
	objectVersion = 46;
	objects = {

/* Begin PBXBuildFile section */
		480EC891FAAA37415B67DBD7 /* Pods_Bible_ReadingTests.framework in Frameworks */ = {isa = PBXBuildFile; fileRef = E6323E1F85C0C5762C972255 /* Pods_Bible_ReadingTests.framework */; };
		A908AF131E1EEB6A00C4D955 /* HolidaysHolder.swift in Sources */ = {isa = PBXBuildFile; fileRef = A908AF121E1EEB6A00C4D955 /* HolidaysHolder.swift */; };
		A908AF151E1FC82400C4D955 /* NotificationsSupport.swift in Sources */ = {isa = PBXBuildFile; fileRef = A908AF141E1FC82400C4D955 /* NotificationsSupport.swift */; };
		A91A1D621E1ACC3000225E4F /* bibles in Resources */ = {isa = PBXBuildFile; fileRef = A9B34C761E1A924D004FDFD6 /* bibles */; };
		A91A1D641E1ACD9C00225E4F /* BibleReader.swift in Sources */ = {isa = PBXBuildFile; fileRef = A91A1D631E1ACD9C00225E4F /* BibleReader.swift */; };
		A91A1D741E1B107D00225E4F /* BibleProto.Bible.proto.swift in Sources */ = {isa = PBXBuildFile; fileRef = A91A1D731E1B107D00225E4F /* BibleProto.Bible.proto.swift */; };
		A91A1D781E1BFF8300225E4F /* BibleSearchResult.swift in Sources */ = {isa = PBXBuildFile; fileRef = A91A1D771E1BFF8300225E4F /* BibleSearchResult.swift */; };
		A91A1D7A1E1C11BE00225E4F /* AbbrevToBookName.swift in Sources */ = {isa = PBXBuildFile; fileRef = A91A1D791E1C11BE00225E4F /* AbbrevToBookName.swift */; };
		A9A564011E1D4C4800601C64 /* AllRefsPerDayHolder.swift in Sources */ = {isa = PBXBuildFile; fileRef = A9A564001E1D4C4800601C64 /* AllRefsPerDayHolder.swift */; };
		A9A564031E1D77A000601C64 /* AttributedTextPresentation.swift in Sources */ = {isa = PBXBuildFile; fileRef = A9A564021E1D77A000601C64 /* AttributedTextPresentation.swift */; };
		A9A564051E1E675000601C64 /* Settings.bundle in Resources */ = {isa = PBXBuildFile; fileRef = A9A564041E1E675000601C64 /* Settings.bundle */; };
		A9B34C4F1E181855004FDFD6 /* AppDelegate.swift in Sources */ = {isa = PBXBuildFile; fileRef = A9B34C4E1E181855004FDFD6 /* AppDelegate.swift */; };
		A9B34C511E181855004FDFD6 /* ViewController.swift in Sources */ = {isa = PBXBuildFile; fileRef = A9B34C501E181855004FDFD6 /* ViewController.swift */; };
		A9B34C541E181855004FDFD6 /* Main.storyboard in Resources */ = {isa = PBXBuildFile; fileRef = A9B34C521E181855004FDFD6 /* Main.storyboard */; };
		A9B34C561E181855004FDFD6 /* Assets.xcassets in Resources */ = {isa = PBXBuildFile; fileRef = A9B34C551E181855004FDFD6 /* Assets.xcassets */; };
		A9B34C591E181855004FDFD6 /* LaunchScreen.storyboard in Resources */ = {isa = PBXBuildFile; fileRef = A9B34C571E181855004FDFD6 /* LaunchScreen.storyboard */; };
		A9B34C641E181855004FDFD6 /* Bible_ReadingTests.swift in Sources */ = {isa = PBXBuildFile; fileRef = A9B34C631E181855004FDFD6 /* Bible_ReadingTests.swift */; };
		A9B34C731E184193004FDFD6 /* Podfile in Resources */ = {isa = PBXBuildFile; fileRef = A9B34C721E184193004FDFD6 /* Podfile */; };
		A9B34C771E1A924D004FDFD6 /* bibles in Resources */ = {isa = PBXBuildFile; fileRef = A9B34C761E1A924D004FDFD6 /* bibles */; };
		A9B34C791E1A9D9E004FDFD6 /* Bible.swift in Sources */ = {isa = PBXBuildFile; fileRef = A9B34C781E1A9D9E004FDFD6 /* Bible.swift */; };
		A9B34C7B1E1AA4C6004FDFD6 /* BibleRef.swift in Sources */ = {isa = PBXBuildFile; fileRef = A9B34C7A1E1AA4C6004FDFD6 /* BibleRef.swift */; };
		A9B34C7D1E1AA55D004FDFD6 /* BibleProtoConverter.swift in Sources */ = {isa = PBXBuildFile; fileRef = A9B34C7C1E1AA55D004FDFD6 /* BibleProtoConverter.swift */; };
		E63DE010E221D715E28D3948 /* Pods_Bible_Reading.framework in Frameworks */ = {isa = PBXBuildFile; fileRef = C38970C67899F48DA6340851 /* Pods_Bible_Reading.framework */; };
/* End PBXBuildFile section */

/* Begin PBXContainerItemProxy section */
		A9B34C601E181855004FDFD6 /* PBXContainerItemProxy */ = {
			isa = PBXContainerItemProxy;
			containerPortal = A9B34C431E181855004FDFD6 /* Project object */;
			proxyType = 1;
			remoteGlobalIDString = A9B34C4A1E181855004FDFD6;
			remoteInfo = "Bible Reading";
		};
/* End PBXContainerItemProxy section */

/* Begin PBXFileReference section */
		07EA3E7744AADF36F7B1378F /* Pods-Bible Reading.debug.xcconfig */ = {isa = PBXFileReference; includeInIndex = 1; lastKnownFileType = text.xcconfig; name = "Pods-Bible Reading.debug.xcconfig"; path = "Pods/Target Support Files/Pods-Bible Reading/Pods-Bible Reading.debug.xcconfig"; sourceTree = "<group>"; };
		5811ED0F41D8A2FB61289511 /* Pods-Bible ReadingTests.debug.xcconfig */ = {isa = PBXFileReference; includeInIndex = 1; lastKnownFileType = text.xcconfig; name = "Pods-Bible ReadingTests.debug.xcconfig"; path = "Pods/Target Support Files/Pods-Bible ReadingTests/Pods-Bible ReadingTests.debug.xcconfig"; sourceTree = "<group>"; };
		A908AF121E1EEB6A00C4D955 /* HolidaysHolder.swift */ = {isa = PBXFileReference; fileEncoding = 4; lastKnownFileType = sourcecode.swift; path = HolidaysHolder.swift; sourceTree = "<group>"; };
		A908AF141E1FC82400C4D955 /* NotificationsSupport.swift */ = {isa = PBXFileReference; fileEncoding = 4; lastKnownFileType = sourcecode.swift; path = NotificationsSupport.swift; sourceTree = "<group>"; };
		A91A1D631E1ACD9C00225E4F /* BibleReader.swift */ = {isa = PBXFileReference; fileEncoding = 4; lastKnownFileType = sourcecode.swift; path = BibleReader.swift; sourceTree = "<group>"; };
		A91A1D731E1B107D00225E4F /* BibleProto.Bible.proto.swift */ = {isa = PBXFileReference; fileEncoding = 4; lastKnownFileType = sourcecode.swift; name = BibleProto.Bible.proto.swift; path = generated/BibleProto.Bible.proto.swift; sourceTree = "<group>"; };
		A91A1D761E1B196100225E4F /* BibleReading-Bridging-Header.h */ = {isa = PBXFileReference; lastKnownFileType = sourcecode.c.h; path = "BibleReading-Bridging-Header.h"; sourceTree = "<group>"; };
		A91A1D771E1BFF8300225E4F /* BibleSearchResult.swift */ = {isa = PBXFileReference; fileEncoding = 4; lastKnownFileType = sourcecode.swift; path = BibleSearchResult.swift; sourceTree = "<group>"; };
		A91A1D791E1C11BE00225E4F /* AbbrevToBookName.swift */ = {isa = PBXFileReference; fileEncoding = 4; lastKnownFileType = sourcecode.swift; path = AbbrevToBookName.swift; sourceTree = "<group>"; };
		A9A564001E1D4C4800601C64 /* AllRefsPerDayHolder.swift */ = {isa = PBXFileReference; fileEncoding = 4; lastKnownFileType = sourcecode.swift; path = AllRefsPerDayHolder.swift; sourceTree = "<group>"; };
		A9A564021E1D77A000601C64 /* AttributedTextPresentation.swift */ = {isa = PBXFileReference; fileEncoding = 4; lastKnownFileType = sourcecode.swift; path = AttributedTextPresentation.swift; sourceTree = "<group>"; };
		A9A564041E1E675000601C64 /* Settings.bundle */ = {isa = PBXFileReference; lastKnownFileType = "wrapper.plug-in"; path = Settings.bundle; sourceTree = "<group>"; };
		A9B34C4B1E181855004FDFD6 /* Bible Reading.app */ = {isa = PBXFileReference; explicitFileType = wrapper.application; includeInIndex = 0; path = "Bible Reading.app"; sourceTree = BUILT_PRODUCTS_DIR; };
		A9B34C4E1E181855004FDFD6 /* AppDelegate.swift */ = {isa = PBXFileReference; lastKnownFileType = sourcecode.swift; path = AppDelegate.swift; sourceTree = "<group>"; };
		A9B34C501E181855004FDFD6 /* ViewController.swift */ = {isa = PBXFileReference; lastKnownFileType = sourcecode.swift; path = ViewController.swift; sourceTree = "<group>"; };
		A9B34C531E181855004FDFD6 /* Base */ = {isa = PBXFileReference; lastKnownFileType = file.storyboard; name = Base; path = Base.lproj/Main.storyboard; sourceTree = "<group>"; };
		A9B34C551E181855004FDFD6 /* Assets.xcassets */ = {isa = PBXFileReference; lastKnownFileType = folder.assetcatalog; path = Assets.xcassets; sourceTree = "<group>"; };
		A9B34C581E181855004FDFD6 /* Base */ = {isa = PBXFileReference; lastKnownFileType = file.storyboard; name = Base; path = Base.lproj/LaunchScreen.storyboard; sourceTree = "<group>"; };
		A9B34C5A1E181855004FDFD6 /* Info.plist */ = {isa = PBXFileReference; lastKnownFileType = text.plist.xml; path = Info.plist; sourceTree = "<group>"; };
		A9B34C5F1E181855004FDFD6 /* Bible ReadingTests.xctest */ = {isa = PBXFileReference; explicitFileType = wrapper.cfbundle; includeInIndex = 0; path = "Bible ReadingTests.xctest"; sourceTree = BUILT_PRODUCTS_DIR; };
		A9B34C631E181855004FDFD6 /* Bible_ReadingTests.swift */ = {isa = PBXFileReference; lastKnownFileType = sourcecode.swift; path = Bible_ReadingTests.swift; sourceTree = "<group>"; };
		A9B34C651E181855004FDFD6 /* Info.plist */ = {isa = PBXFileReference; lastKnownFileType = text.plist.xml; path = Info.plist; sourceTree = "<group>"; };
		A9B34C721E184193004FDFD6 /* Podfile */ = {isa = PBXFileReference; fileEncoding = 4; lastKnownFileType = text; path = Podfile; sourceTree = SOURCE_ROOT; xcLanguageSpecificationIdentifier = xcode.lang.ruby; };
		A9B34C761E1A924D004FDFD6 /* bibles */ = {isa = PBXFileReference; lastKnownFileType = folder; path = bibles; sourceTree = "<group>"; };
		A9B34C781E1A9D9E004FDFD6 /* Bible.swift */ = {isa = PBXFileReference; fileEncoding = 4; lastKnownFileType = sourcecode.swift; path = Bible.swift; sourceTree = "<group>"; };
		A9B34C7A1E1AA4C6004FDFD6 /* BibleRef.swift */ = {isa = PBXFileReference; fileEncoding = 4; lastKnownFileType = sourcecode.swift; path = BibleRef.swift; sourceTree = "<group>"; };
		A9B34C7C1E1AA55D004FDFD6 /* BibleProtoConverter.swift */ = {isa = PBXFileReference; fileEncoding = 4; lastKnownFileType = sourcecode.swift; path = BibleProtoConverter.swift; sourceTree = "<group>"; };
		B52D1D3E6329AF375965FAB7 /* Pods-Bible ReadingTests.release.xcconfig */ = {isa = PBXFileReference; includeInIndex = 1; lastKnownFileType = text.xcconfig; name = "Pods-Bible ReadingTests.release.xcconfig"; path = "Pods/Target Support Files/Pods-Bible ReadingTests/Pods-Bible ReadingTests.release.xcconfig"; sourceTree = "<group>"; };
		C38970C67899F48DA6340851 /* Pods_Bible_Reading.framework */ = {isa = PBXFileReference; explicitFileType = wrapper.framework; includeInIndex = 0; path = Pods_Bible_Reading.framework; sourceTree = BUILT_PRODUCTS_DIR; };
		CD62FD89ECCF757A3BAC583F /* Pods-Bible Reading.release.xcconfig */ = {isa = PBXFileReference; includeInIndex = 1; lastKnownFileType = text.xcconfig; name = "Pods-Bible Reading.release.xcconfig"; path = "Pods/Target Support Files/Pods-Bible Reading/Pods-Bible Reading.release.xcconfig"; sourceTree = "<group>"; };
		E6323E1F85C0C5762C972255 /* Pods_Bible_ReadingTests.framework */ = {isa = PBXFileReference; explicitFileType = wrapper.framework; includeInIndex = 0; path = Pods_Bible_ReadingTests.framework; sourceTree = BUILT_PRODUCTS_DIR; };
/* End PBXFileReference section */

/* Begin PBXFrameworksBuildPhase section */
		A9B34C481E181855004FDFD6 /* Frameworks */ = {
			isa = PBXFrameworksBuildPhase;
			buildActionMask = 2147483647;
			files = (
				E63DE010E221D715E28D3948 /* Pods_Bible_Reading.framework in Frameworks */,
			);
			runOnlyForDeploymentPostprocessing = 0;
		};
		A9B34C5C1E181855004FDFD6 /* Frameworks */ = {
			isa = PBXFrameworksBuildPhase;
			buildActionMask = 2147483647;
			files = (
				480EC891FAAA37415B67DBD7 /* Pods_Bible_ReadingTests.framework in Frameworks */,
			);
			runOnlyForDeploymentPostprocessing = 0;
		};
/* End PBXFrameworksBuildPhase section */

/* Begin PBXGroup section */
		A91A1D681E1AE1B900225E4F /* generated */ = {
			isa = PBXGroup;
			children = (
				A91A1D731E1B107D00225E4F /* BibleProto.Bible.proto.swift */,
			);
			name = generated;
			sourceTree = "<group>";
		};
		A9B34C421E181855004FDFD6 = {
			isa = PBXGroup;
			children = (
				A9B34C4D1E181855004FDFD6 /* Bible Reading */,
				A9B34C621E181855004FDFD6 /* Bible ReadingTests */,
				A9B34C4C1E181855004FDFD6 /* Products */,
				C3390E2F72BC80A28FA2F396 /* Pods */,
				C9830D7257D6AC8A0F816758 /* Frameworks */,
			);
			sourceTree = "<group>";
		};
		A9B34C4C1E181855004FDFD6 /* Products */ = {
			isa = PBXGroup;
			children = (
				A9B34C4B1E181855004FDFD6 /* Bible Reading.app */,
				A9B34C5F1E181855004FDFD6 /* Bible ReadingTests.xctest */,
			);
			name = Products;
			sourceTree = "<group>";
		};
		A9B34C4D1E181855004FDFD6 /* Bible Reading */ = {
			isa = PBXGroup;
			children = (
				A91A1D681E1AE1B900225E4F /* generated */,
				A9B34C711E18417B004FDFD6 /* Supporting Files */,
				A9B34C4E1E181855004FDFD6 /* AppDelegate.swift */,
				A9B34C501E181855004FDFD6 /* ViewController.swift */,
				A9B34C521E181855004FDFD6 /* Main.storyboard */,
				A9B34C571E181855004FDFD6 /* LaunchScreen.storyboard */,
				A9B34C781E1A9D9E004FDFD6 /* Bible.swift */,
				A9B34C7A1E1AA4C6004FDFD6 /* BibleRef.swift */,
				A9B34C7C1E1AA55D004FDFD6 /* BibleProtoConverter.swift */,
				A91A1D631E1ACD9C00225E4F /* BibleReader.swift */,
				A91A1D761E1B196100225E4F /* BibleReading-Bridging-Header.h */,
				A91A1D771E1BFF8300225E4F /* BibleSearchResult.swift */,
				A91A1D791E1C11BE00225E4F /* AbbrevToBookName.swift */,
				A9A564001E1D4C4800601C64 /* AllRefsPerDayHolder.swift */,
				A9A564021E1D77A000601C64 /* AttributedTextPresentation.swift */,
				A908AF121E1EEB6A00C4D955 /* HolidaysHolder.swift */,
				A908AF141E1FC82400C4D955 /* NotificationsSupport.swift */,
			);
			path = "Bible Reading";
			sourceTree = "<group>";
		};
		A9B34C621E181855004FDFD6 /* Bible ReadingTests */ = {
			isa = PBXGroup;
			children = (
				A9B34C631E181855004FDFD6 /* Bible_ReadingTests.swift */,
				A9B34C651E181855004FDFD6 /* Info.plist */,
			);
			path = "Bible ReadingTests";
			sourceTree = "<group>";
		};
		A9B34C711E18417B004FDFD6 /* Supporting Files */ = {
			isa = PBXGroup;
			children = (
				A9A564041E1E675000601C64 /* Settings.bundle */,
				A9B34C761E1A924D004FDFD6 /* bibles */,
				A9B34C721E184193004FDFD6 /* Podfile */,
				A9B34C551E181855004FDFD6 /* Assets.xcassets */,
				A9B34C5A1E181855004FDFD6 /* Info.plist */,
			);
			name = "Supporting Files";
			sourceTree = "<group>";
		};
		C3390E2F72BC80A28FA2F396 /* Pods */ = {
			isa = PBXGroup;
			children = (
				07EA3E7744AADF36F7B1378F /* Pods-Bible Reading.debug.xcconfig */,
				CD62FD89ECCF757A3BAC583F /* Pods-Bible Reading.release.xcconfig */,
				5811ED0F41D8A2FB61289511 /* Pods-Bible ReadingTests.debug.xcconfig */,
				B52D1D3E6329AF375965FAB7 /* Pods-Bible ReadingTests.release.xcconfig */,
			);
			name = Pods;
			sourceTree = "<group>";
		};
		C9830D7257D6AC8A0F816758 /* Frameworks */ = {
			isa = PBXGroup;
			children = (
				C38970C67899F48DA6340851 /* Pods_Bible_Reading.framework */,
				E6323E1F85C0C5762C972255 /* Pods_Bible_ReadingTests.framework */,
			);
			name = Frameworks;
			sourceTree = "<group>";
		};
/* End PBXGroup section */

/* Begin PBXNativeTarget section */
		A9B34C4A1E181855004FDFD6 /* Bible Reading */ = {
			isa = PBXNativeTarget;
			buildConfigurationList = A9B34C681E181855004FDFD6 /* Build configuration list for PBXNativeTarget "Bible Reading" */;
			buildPhases = (
				D2622CB7320C043909725D1F /* [CP] Check Pods Manifest.lock */,
				A9B34C471E181855004FDFD6 /* Sources */,
				A9B34C481E181855004FDFD6 /* Frameworks */,
				A9B34C491E181855004FDFD6 /* Resources */,
				2A92DABC3043F9B819AD2F9B /* [CP] Embed Pods Frameworks */,
				A5BDF402CBB7E18012C684EA /* [CP] Copy Pods Resources */,
				A908AF161E1FD12900C4D955 /* ShellScript */,
			);
			buildRules = (
			);
			dependencies = (
			);
			name = "Bible Reading";
			productName = "Bible Reading";
			productReference = A9B34C4B1E181855004FDFD6 /* Bible Reading.app */;
			productType = "com.apple.product-type.application";
		};
		A9B34C5E1E181855004FDFD6 /* Bible ReadingTests */ = {
			isa = PBXNativeTarget;
			buildConfigurationList = A9B34C6B1E181855004FDFD6 /* Build configuration list for PBXNativeTarget "Bible ReadingTests" */;
			buildPhases = (
				E24F9EC1616FBC5EBB29DB55 /* [CP] Check Pods Manifest.lock */,
				A9B34C5B1E181855004FDFD6 /* Sources */,
				A9B34C5C1E181855004FDFD6 /* Frameworks */,
				A9B34C5D1E181855004FDFD6 /* Resources */,
				1B4BA449E9C625F90BEC813A /* [CP] Embed Pods Frameworks */,
				D9F9E3018E14772B0DF2C07C /* [CP] Copy Pods Resources */,
			);
			buildRules = (
			);
			dependencies = (
				A9B34C611E181855004FDFD6 /* PBXTargetDependency */,
			);
			name = "Bible ReadingTests";
			productName = "Bible ReadingTests";
			productReference = A9B34C5F1E181855004FDFD6 /* Bible ReadingTests.xctest */;
			productType = "com.apple.product-type.bundle.unit-test";
		};
/* End PBXNativeTarget section */

/* Begin PBXProject section */
		A9B34C431E181855004FDFD6 /* Project object */ = {
			isa = PBXProject;
			attributes = {
				LastSwiftUpdateCheck = 0820;
				LastUpgradeCheck = 0820;
				ORGANIZATIONNAME = "Anton Ivanov";
				TargetAttributes = {
					A9B34C4A1E181855004FDFD6 = {
						CreatedOnToolsVersion = 8.2.1;
						DevelopmentTeam = WHWKX5DYT5;
						LastSwiftMigration = 0820;
						ProvisioningStyle = Automatic;
					};
					A9B34C5E1E181855004FDFD6 = {
						CreatedOnToolsVersion = 8.2.1;
						DevelopmentTeam = WHWKX5DYT5;
						ProvisioningStyle = Automatic;
						TestTargetID = A9B34C4A1E181855004FDFD6;
					};
				};
			};
			buildConfigurationList = A9B34C461E181855004FDFD6 /* Build configuration list for PBXProject "Bible Reading" */;
			compatibilityVersion = "Xcode 3.2";
			developmentRegion = English;
			hasScannedForEncodings = 0;
			knownRegions = (
				en,
				Base,
			);
			mainGroup = A9B34C421E181855004FDFD6;
			productRefGroup = A9B34C4C1E181855004FDFD6 /* Products */;
			projectDirPath = "";
			projectRoot = "";
			targets = (
				A9B34C4A1E181855004FDFD6 /* Bible Reading */,
				A9B34C5E1E181855004FDFD6 /* Bible ReadingTests */,
			);
		};
/* End PBXProject section */

/* Begin PBXResourcesBuildPhase section */
		A9B34C491E181855004FDFD6 /* Resources */ = {
			isa = PBXResourcesBuildPhase;
			buildActionMask = 2147483647;
			files = (
				A9B34C771E1A924D004FDFD6 /* bibles in Resources */,
				A9B34C591E181855004FDFD6 /* LaunchScreen.storyboard in Resources */,
				A9B34C561E181855004FDFD6 /* Assets.xcassets in Resources */,
				A9B34C731E184193004FDFD6 /* Podfile in Resources */,
				A9A564051E1E675000601C64 /* Settings.bundle in Resources */,
				A9B34C541E181855004FDFD6 /* Main.storyboard in Resources */,
			);
			runOnlyForDeploymentPostprocessing = 0;
		};
		A9B34C5D1E181855004FDFD6 /* Resources */ = {
			isa = PBXResourcesBuildPhase;
			buildActionMask = 2147483647;
			files = (
				A91A1D621E1ACC3000225E4F /* bibles in Resources */,
			);
			runOnlyForDeploymentPostprocessing = 0;
		};
/* End PBXResourcesBuildPhase section */

/* Begin PBXShellScriptBuildPhase section */
		1B4BA449E9C625F90BEC813A /* [CP] Embed Pods Frameworks */ = {
			isa = PBXShellScriptBuildPhase;
			buildActionMask = 2147483647;
			files = (
			);
			inputPaths = (
			);
			name = "[CP] Embed Pods Frameworks";
			outputPaths = (
			);
			runOnlyForDeploymentPostprocessing = 0;
			shellPath = /bin/sh;
			shellScript = "\"${SRCROOT}/Pods/Target Support Files/Pods-Bible ReadingTests/Pods-Bible ReadingTests-frameworks.sh\"\n";
			showEnvVarsInLog = 0;
		};
		2A92DABC3043F9B819AD2F9B /* [CP] Embed Pods Frameworks */ = {
			isa = PBXShellScriptBuildPhase;
			buildActionMask = 2147483647;
			files = (
			);
			inputPaths = (
			);
			name = "[CP] Embed Pods Frameworks";
			outputPaths = (
			);
			runOnlyForDeploymentPostprocessing = 0;
			shellPath = /bin/sh;
			shellScript = "\"${SRCROOT}/Pods/Target Support Files/Pods-Bible Reading/Pods-Bible Reading-frameworks.sh\"\n";
			showEnvVarsInLog = 0;
		};
		A5BDF402CBB7E18012C684EA /* [CP] Copy Pods Resources */ = {
			isa = PBXShellScriptBuildPhase;
			buildActionMask = 2147483647;
			files = (
			);
			inputPaths = (
			);
			name = "[CP] Copy Pods Resources";
			outputPaths = (
			);
			runOnlyForDeploymentPostprocessing = 0;
			shellPath = /bin/sh;
			shellScript = "\"${SRCROOT}/Pods/Target Support Files/Pods-Bible Reading/Pods-Bible Reading-resources.sh\"\n";
			showEnvVarsInLog = 0;
		};
		A908AF161E1FD12900C4D955 /* ShellScript */ = {
			isa = PBXShellScriptBuildPhase;
			buildActionMask = 2147483647;
			files = (
			);
			inputPaths = (
			);
			outputPaths = (
			);
			runOnlyForDeploymentPostprocessing = 0;
			shellPath = /bin/sh;
			shellScript = "\"${PODS_ROOT}/Fabric/run\" 9bb821623a6a3a8f8ffdb31736188945e60755c3 20be565bc84002f47fc076aaf3f6c4b22a99a5056ed52cd9bd9720daac3a4c42";
		};
		D2622CB7320C043909725D1F /* [CP] Check Pods Manifest.lock */ = {
			isa = PBXShellScriptBuildPhase;
			buildActionMask = 2147483647;
			files = (
			);
			inputPaths = (
			);
			name = "[CP] Check Pods Manifest.lock";
			outputPaths = (
			);
			runOnlyForDeploymentPostprocessing = 0;
			shellPath = /bin/sh;
			shellScript = "diff \"${PODS_ROOT}/../Podfile.lock\" \"${PODS_ROOT}/Manifest.lock\" > /dev/null\nif [ $? != 0 ] ; then\n    # print error to STDERR\n    echo \"error: The sandbox is not in sync with the Podfile.lock. Run 'pod install' or update your CocoaPods installation.\" >&2\n    exit 1\nfi\n";
			showEnvVarsInLog = 0;
		};
		D9F9E3018E14772B0DF2C07C /* [CP] Copy Pods Resources */ = {
			isa = PBXShellScriptBuildPhase;
			buildActionMask = 2147483647;
			files = (
			);
			inputPaths = (
			);
			name = "[CP] Copy Pods Resources";
			outputPaths = (
			);
			runOnlyForDeploymentPostprocessing = 0;
			shellPath = /bin/sh;
			shellScript = "\"${SRCROOT}/Pods/Target Support Files/Pods-Bible ReadingTests/Pods-Bible ReadingTests-resources.sh\"\n";
			showEnvVarsInLog = 0;
		};
		E24F9EC1616FBC5EBB29DB55 /* [CP] Check Pods Manifest.lock */ = {
			isa = PBXShellScriptBuildPhase;
			buildActionMask = 2147483647;
			files = (
			);
			inputPaths = (
			);
			name = "[CP] Check Pods Manifest.lock";
			outputPaths = (
			);
			runOnlyForDeploymentPostprocessing = 0;
			shellPath = /bin/sh;
			shellScript = "diff \"${PODS_ROOT}/../Podfile.lock\" \"${PODS_ROOT}/Manifest.lock\" > /dev/null\nif [ $? != 0 ] ; then\n    # print error to STDERR\n    echo \"error: The sandbox is not in sync with the Podfile.lock. Run 'pod install' or update your CocoaPods installation.\" >&2\n    exit 1\nfi\n";
			showEnvVarsInLog = 0;
		};
/* End PBXShellScriptBuildPhase section */

/* Begin PBXSourcesBuildPhase section */
		A9B34C471E181855004FDFD6 /* Sources */ = {
			isa = PBXSourcesBuildPhase;
			buildActionMask = 2147483647;
			files = (
				A9B34C7B1E1AA4C6004FDFD6 /* BibleRef.swift in Sources */,
				A9B34C791E1A9D9E004FDFD6 /* Bible.swift in Sources */,
				A9A564031E1D77A000601C64 /* AttributedTextPresentation.swift in Sources */,
				A9B34C7D1E1AA55D004FDFD6 /* BibleProtoConverter.swift in Sources */,
				A9B34C511E181855004FDFD6 /* ViewController.swift in Sources */,
				A908AF151E1FC82400C4D955 /* NotificationsSupport.swift in Sources */,
				A91A1D641E1ACD9C00225E4F /* BibleReader.swift in Sources */,
				A908AF131E1EEB6A00C4D955 /* HolidaysHolder.swift in Sources */,
				A91A1D781E1BFF8300225E4F /* BibleSearchResult.swift in Sources */,
				A9A564011E1D4C4800601C64 /* AllRefsPerDayHolder.swift in Sources */,
				A91A1D7A1E1C11BE00225E4F /* AbbrevToBookName.swift in Sources */,
				A9B34C4F1E181855004FDFD6 /* AppDelegate.swift in Sources */,
				A91A1D741E1B107D00225E4F /* BibleProto.Bible.proto.swift in Sources */,
			);
			runOnlyForDeploymentPostprocessing = 0;
		};
		A9B34C5B1E181855004FDFD6 /* Sources */ = {
			isa = PBXSourcesBuildPhase;
			buildActionMask = 2147483647;
			files = (
				A9B34C641E181855004FDFD6 /* Bible_ReadingTests.swift in Sources */,
			);
			runOnlyForDeploymentPostprocessing = 0;
		};
/* End PBXSourcesBuildPhase section */

/* Begin PBXTargetDependency section */
		A9B34C611E181855004FDFD6 /* PBXTargetDependency */ = {
			isa = PBXTargetDependency;
			target = A9B34C4A1E181855004FDFD6 /* Bible Reading */;
			targetProxy = A9B34C601E181855004FDFD6 /* PBXContainerItemProxy */;
		};
/* End PBXTargetDependency section */

/* Begin PBXVariantGroup section */
		A9B34C521E181855004FDFD6 /* Main.storyboard */ = {
			isa = PBXVariantGroup;
			children = (
				A9B34C531E181855004FDFD6 /* Base */,
			);
			name = Main.storyboard;
			sourceTree = "<group>";
		};
		A9B34C571E181855004FDFD6 /* LaunchScreen.storyboard */ = {
			isa = PBXVariantGroup;
			children = (
				A9B34C581E181855004FDFD6 /* Base */,
			);
			name = LaunchScreen.storyboard;
			sourceTree = "<group>";
		};
/* End PBXVariantGroup section */

/* Begin XCBuildConfiguration section */
		A9B34C661E181855004FDFD6 /* Debug */ = {
			isa = XCBuildConfiguration;
			buildSettings = {
				ALWAYS_SEARCH_USER_PATHS = NO;
				CLANG_ANALYZER_NONNULL = YES;
				CLANG_CXX_LANGUAGE_STANDARD = "gnu++0x";
				CLANG_CXX_LIBRARY = "libc++";
				CLANG_ENABLE_MODULES = YES;
				CLANG_ENABLE_OBJC_ARC = YES;
				CLANG_WARN_BOOL_CONVERSION = YES;
				CLANG_WARN_CONSTANT_CONVERSION = YES;
				CLANG_WARN_DIRECT_OBJC_ISA_USAGE = YES_ERROR;
				CLANG_WARN_DOCUMENTATION_COMMENTS = YES;
				CLANG_WARN_EMPTY_BODY = YES;
				CLANG_WARN_ENUM_CONVERSION = YES;
				CLANG_WARN_INFINITE_RECURSION = YES;
				CLANG_WARN_INT_CONVERSION = YES;
				CLANG_WARN_OBJC_ROOT_CLASS = YES_ERROR;
				CLANG_WARN_SUSPICIOUS_MOVE = YES;
				CLANG_WARN_UNREACHABLE_CODE = YES;
				CLANG_WARN__DUPLICATE_METHOD_MATCH = YES;
				"CODE_SIGN_IDENTITY[sdk=iphoneos*]" = "iPhone Developer";
				COPY_PHASE_STRIP = NO;
				DEBUG_INFORMATION_FORMAT = dwarf;
				ENABLE_STRICT_OBJC_MSGSEND = YES;
				ENABLE_TESTABILITY = YES;
				GCC_C_LANGUAGE_STANDARD = gnu99;
				GCC_DYNAMIC_NO_PIC = NO;
				GCC_NO_COMMON_BLOCKS = YES;
				GCC_OPTIMIZATION_LEVEL = 0;
				GCC_PREPROCESSOR_DEFINITIONS = (
					"DEBUG=1",
					"$(inherited)",
				);
				GCC_WARN_64_TO_32_BIT_CONVERSION = YES;
				GCC_WARN_ABOUT_RETURN_TYPE = YES_ERROR;
				GCC_WARN_UNDECLARED_SELECTOR = YES;
				GCC_WARN_UNINITIALIZED_AUTOS = YES_AGGRESSIVE;
				GCC_WARN_UNUSED_FUNCTION = YES;
				GCC_WARN_UNUSED_VARIABLE = YES;
				IPHONEOS_DEPLOYMENT_TARGET = 10.2;
				MTL_ENABLE_DEBUG_INFO = YES;
				ONLY_ACTIVE_ARCH = YES;
				SDKROOT = iphoneos;
				SWIFT_ACTIVE_COMPILATION_CONDITIONS = DEBUG;
				SWIFT_OPTIMIZATION_LEVEL = "-Onone";
			};
			name = Debug;
		};
		A9B34C671E181855004FDFD6 /* Release */ = {
			isa = XCBuildConfiguration;
			buildSettings = {
				ALWAYS_SEARCH_USER_PATHS = NO;
				CLANG_ANALYZER_NONNULL = YES;
				CLANG_CXX_LANGUAGE_STANDARD = "gnu++0x";
				CLANG_CXX_LIBRARY = "libc++";
				CLANG_ENABLE_MODULES = YES;
				CLANG_ENABLE_OBJC_ARC = YES;
				CLANG_WARN_BOOL_CONVERSION = YES;
				CLANG_WARN_CONSTANT_CONVERSION = YES;
				CLANG_WARN_DIRECT_OBJC_ISA_USAGE = YES_ERROR;
				CLANG_WARN_DOCUMENTATION_COMMENTS = YES;
				CLANG_WARN_EMPTY_BODY = YES;
				CLANG_WARN_ENUM_CONVERSION = YES;
				CLANG_WARN_INFINITE_RECURSION = YES;
				CLANG_WARN_INT_CONVERSION = YES;
				CLANG_WARN_OBJC_ROOT_CLASS = YES_ERROR;
				CLANG_WARN_SUSPICIOUS_MOVE = YES;
				CLANG_WARN_UNREACHABLE_CODE = YES;
				CLANG_WARN__DUPLICATE_METHOD_MATCH = YES;
				"CODE_SIGN_IDENTITY[sdk=iphoneos*]" = "iPhone Developer";
				COPY_PHASE_STRIP = NO;
				DEBUG_INFORMATION_FORMAT = "dwarf-with-dsym";
				ENABLE_NS_ASSERTIONS = NO;
				ENABLE_STRICT_OBJC_MSGSEND = YES;
				GCC_C_LANGUAGE_STANDARD = gnu99;
				GCC_NO_COMMON_BLOCKS = YES;
				GCC_WARN_64_TO_32_BIT_CONVERSION = YES;
				GCC_WARN_ABOUT_RETURN_TYPE = YES_ERROR;
				GCC_WARN_UNDECLARED_SELECTOR = YES;
				GCC_WARN_UNINITIALIZED_AUTOS = YES_AGGRESSIVE;
				GCC_WARN_UNUSED_FUNCTION = YES;
				GCC_WARN_UNUSED_VARIABLE = YES;
				IPHONEOS_DEPLOYMENT_TARGET = 10.2;
				MTL_ENABLE_DEBUG_INFO = NO;
				SDKROOT = iphoneos;
				SWIFT_OPTIMIZATION_LEVEL = "-Owholemodule";
				VALIDATE_PRODUCT = YES;
			};
			name = Release;
		};
		A9B34C691E181855004FDFD6 /* Debug */ = {
			isa = XCBuildConfiguration;
			baseConfigurationReference = 07EA3E7744AADF36F7B1378F /* Pods-Bible Reading.debug.xcconfig */;
			buildSettings = {
				ASSETCATALOG_COMPILER_APPICON_NAME = AppIcon;
				CLANG_ENABLE_MODULES = YES;
				DEVELOPMENT_TEAM = WHWKX5DYT5;
				INFOPLIST_FILE = "Bible Reading/Info.plist";
				IPHONEOS_DEPLOYMENT_TARGET = 8.0;
				LD_RUNPATH_SEARCH_PATHS = "$(inherited) @executable_path/Frameworks";
				PRODUCT_BUNDLE_IDENTIFIER = "ru.antonivanov.Bible-Reading";
				PRODUCT_NAME = "$(TARGET_NAME)";
				SWIFT_OBJC_BRIDGING_HEADER = "";
				SWIFT_OPTIMIZATION_LEVEL = "-Onone";
				SWIFT_VERSION = 3.0;
			};
			name = Debug;
		};
		A9B34C6A1E181855004FDFD6 /* Release */ = {
			isa = XCBuildConfiguration;
			baseConfigurationReference = CD62FD89ECCF757A3BAC583F /* Pods-Bible Reading.release.xcconfig */;
			buildSettings = {
				ASSETCATALOG_COMPILER_APPICON_NAME = AppIcon;
				CLANG_ENABLE_MODULES = YES;
				DEVELOPMENT_TEAM = WHWKX5DYT5;
				INFOPLIST_FILE = "Bible Reading/Info.plist";
				IPHONEOS_DEPLOYMENT_TARGET = 8.0;
				LD_RUNPATH_SEARCH_PATHS = "$(inherited) @executable_path/Frameworks";
				PRODUCT_BUNDLE_IDENTIFIER = "ru.antonivanov.Bible-Reading";
				PRODUCT_NAME = "$(TARGET_NAME)";
				SWIFT_OBJC_BRIDGING_HEADER = "";
				SWIFT_VERSION = 3.0;
			};
			name = Release;
		};
		A9B34C6C1E181855004FDFD6 /* Debug */ = {
			isa = XCBuildConfiguration;
			baseConfigurationReference = 5811ED0F41D8A2FB61289511 /* Pods-Bible ReadingTests.debug.xcconfig */;
			buildSettings = {
				ALWAYS_EMBED_SWIFT_STANDARD_LIBRARIES = YES;
				BUNDLE_LOADER = "$(TEST_HOST)";
				DEVELOPMENT_TEAM = WHWKX5DYT5;
				INFOPLIST_FILE = "Bible ReadingTests/Info.plist";
				LD_RUNPATH_SEARCH_PATHS = "$(inherited) @executable_path/Frameworks @loader_path/Frameworks";
				PRODUCT_BUNDLE_IDENTIFIER = "ru.antonivanov.Bible-ReadingTests";
				PRODUCT_NAME = "$(TARGET_NAME)";
				SWIFT_OBJC_BRIDGING_HEADER = "";
				SWIFT_VERSION = 3.0;
				TEST_HOST = "$(BUILT_PRODUCTS_DIR)/Bible Reading.app/Bible Reading";
			};
			name = Debug;
		};
		A9B34C6D1E181855004FDFD6 /* Release */ = {
			isa = XCBuildConfiguration;
			baseConfigurationReference = B52D1D3E6329AF375965FAB7 /* Pods-Bible ReadingTests.release.xcconfig */;
			buildSettings = {
				ALWAYS_EMBED_SWIFT_STANDARD_LIBRARIES = YES;
				BUNDLE_LOADER = "$(TEST_HOST)";
				DEVELOPMENT_TEAM = WHWKX5DYT5;
				INFOPLIST_FILE = "Bible ReadingTests/Info.plist";
				LD_RUNPATH_SEARCH_PATHS = "$(inherited) @executable_path/Frameworks @loader_path/Frameworks";
				PRODUCT_BUNDLE_IDENTIFIER = "ru.antonivanov.Bible-ReadingTests";
				PRODUCT_NAME = "$(TARGET_NAME)";
				SWIFT_OBJC_BRIDGING_HEADER = "";
				SWIFT_VERSION = 3.0;
				TEST_HOST = "$(BUILT_PRODUCTS_DIR)/Bible Reading.app/Bible Reading";
			};
			name = Release;
		};
/* End XCBuildConfiguration section */

/* Begin XCConfigurationList section */
		A9B34C461E181855004FDFD6 /* Build configuration list for PBXProject "Bible Reading" */ = {
			isa = XCConfigurationList;
			buildConfigurations = (
				A9B34C661E181855004FDFD6 /* Debug */,
				A9B34C671E181855004FDFD6 /* Release */,
			);
			defaultConfigurationIsVisible = 0;
			defaultConfigurationName = Release;
		};
		A9B34C681E181855004FDFD6 /* Build configuration list for PBXNativeTarget "Bible Reading" */ = {
			isa = XCConfigurationList;
			buildConfigurations = (
				A9B34C691E181855004FDFD6 /* Debug */,
				A9B34C6A1E181855004FDFD6 /* Release */,
			);
			defaultConfigurationIsVisible = 0;
			defaultConfigurationName = Release;
		};
		A9B34C6B1E181855004FDFD6 /* Build configuration list for PBXNativeTarget "Bible ReadingTests" */ = {
			isa = XCConfigurationList;
			buildConfigurations = (
				A9B34C6C1E181855004FDFD6 /* Debug */,
				A9B34C6D1E181855004FDFD6 /* Release */,
			);
			defaultConfigurationIsVisible = 0;
			defaultConfigurationName = Release;
		};
/* End XCConfigurationList section */
	};
	rootObject = A9B34C431E181855004FDFD6 /* Project object */;
}
